// !$*UTF8*$!
{
	archiveVersion = 1;
	classes = {
	};
	objectVersion = 46;
	objects = {

/* Begin PBXBuildFile section */
		9B70EF9A16A7893E00C7459C /* NoPLValues.h in Headers */ = {isa = PBXBuildFile; fileRef = 9B70EF9916A7893E00C7459C /* NoPLValues.h */; settings = {ATTRIBUTES = (); }; };
		9B84F85B16BDF21E00F34DF1 /* NoPLStandardFunctions.c in Sources */ = {isa = PBXBuildFile; fileRef = A2807F3715D6ACD9003FDDCD /* NoPLStandardFunctions.c */; };
		9B84F85C16BDF21E00F34DF1 /* NoPLRuntime.c in Sources */ = {isa = PBXBuildFile; fileRef = A261C29C15C0E878008AE0C4 /* NoPLRuntime.c */; };
		9B84F85F16BDF21E00F34DF1 /* NoPLStandardFunctions.h in Headers */ = {isa = PBXBuildFile; fileRef = A2807F3A15D6ACEF003FDDCD /* NoPLStandardFunctions.h */; settings = {ATTRIBUTES = (Public, ); }; };
		9B84F86016BDF21E00F34DF1 /* NoPLRuntime.h in Headers */ = {isa = PBXBuildFile; fileRef = A261C29E15C0E892008AE0C4 /* NoPLRuntime.h */; settings = {ATTRIBUTES = (Public, ); }; };
		9B84F86116BDF21E00F34DF1 /* NoPLValues.h in Headers */ = {isa = PBXBuildFile; fileRef = 9B70EF9916A7893E00C7459C /* NoPLValues.h */; settings = {ATTRIBUTES = (); }; };
		A24F59EA163098ED00FC9181 /* NoPLRuntime.c in Sources */ = {isa = PBXBuildFile; fileRef = A261C29C15C0E878008AE0C4 /* NoPLRuntime.c */; };
		A24F59EB163098F100FC9181 /* NoPLStandardFunctions.c in Sources */ = {isa = PBXBuildFile; fileRef = A2807F3715D6ACD9003FDDCD /* NoPLStandardFunctions.c */; };
		A24F59EC163098F900FC9181 /* NoPLRuntime.h in Headers */ = {isa = PBXBuildFile; fileRef = A261C29E15C0E892008AE0C4 /* NoPLRuntime.h */; settings = {ATTRIBUTES = (Public, ); }; };
		A24F59ED1630990200FC9181 /* NoPLStandardFunctions.h in Headers */ = {isa = PBXBuildFile; fileRef = A2807F3A15D6ACEF003FDDCD /* NoPLStandardFunctions.h */; settings = {ATTRIBUTES = (Public, ); }; };
		A261C29315C0E846008AE0C4 /* main.c in Sources */ = {isa = PBXBuildFile; fileRef = A261C29215C0E846008AE0C4 /* main.c */; };
		A261C29515C0E846008AE0C4 /* NoPL_Runtime.1 in CopyFiles */ = {isa = PBXBuildFile; fileRef = A261C29415C0E846008AE0C4 /* NoPL_Runtime.1 */; };
		A261C29D15C0E878008AE0C4 /* NoPLRuntime.c in Sources */ = {isa = PBXBuildFile; fileRef = A261C29C15C0E878008AE0C4 /* NoPLRuntime.c */; };
		A2807F3815D6ACD9003FDDCD /* NoPLStandardFunctions.c in Sources */ = {isa = PBXBuildFile; fileRef = A2807F3715D6ACD9003FDDCD /* NoPLStandardFunctions.c */; };
/* End PBXBuildFile section */

/* Begin PBXCopyFilesBuildPhase section */
		A261C28C15C0E845008AE0C4 /* CopyFiles */ = {
			isa = PBXCopyFilesBuildPhase;
			buildActionMask = 2147483647;
			dstPath = /usr/share/man/man1/;
			dstSubfolderSpec = 0;
			files = (
				A261C29515C0E846008AE0C4 /* NoPL_Runtime.1 in CopyFiles */,
			);
			runOnlyForDeploymentPostprocessing = 1;
		};
/* End PBXCopyFilesBuildPhase section */

/* Begin PBXFileReference section */
		9B70EF9916A7893E00C7459C /* NoPLValues.h */ = {isa = PBXFileReference; fileEncoding = 4; lastKnownFileType = sourcecode.c.h; name = NoPLValues.h; path = ../../NoPLc/include/NoPLValues.h; sourceTree = "<group>"; };
		9B84F86516BDF21E00F34DF1 /* libNoPLRuntime(arm).a */ = {isa = PBXFileReference; explicitFileType = archive.ar; includeInIndex = 0; path = "libNoPLRuntime(arm).a"; sourceTree = BUILT_PRODUCTS_DIR; };
		A24F59E6163098DB00FC9181 /* libNoPLRuntime.a */ = {isa = PBXFileReference; explicitFileType = archive.ar; includeInIndex = 0; path = libNoPLRuntime.a; sourceTree = BUILT_PRODUCTS_DIR; };
		A261C28E15C0E845008AE0C4 /* NoPL_Runtime */ = {isa = PBXFileReference; explicitFileType = "compiled.mach-o.executable"; includeInIndex = 0; path = NoPL_Runtime; sourceTree = BUILT_PRODUCTS_DIR; };
		A261C29215C0E846008AE0C4 /* main.c */ = {isa = PBXFileReference; lastKnownFileType = sourcecode.c.c; path = main.c; sourceTree = "<group>"; };
		A261C29415C0E846008AE0C4 /* NoPL_Runtime.1 */ = {isa = PBXFileReference; lastKnownFileType = text.man; path = NoPL_Runtime.1; sourceTree = "<group>"; };
		A261C29C15C0E878008AE0C4 /* NoPLRuntime.c */ = {isa = PBXFileReference; fileEncoding = 4; lastKnownFileType = sourcecode.c.c; path = NoPLRuntime.c; sourceTree = "<group>"; };
		A261C29E15C0E892008AE0C4 /* NoPLRuntime.h */ = {isa = PBXFileReference; lastKnownFileType = sourcecode.c.h; name = NoPLRuntime.h; path = ../include/NoPLRuntime.h; sourceTree = "<group>"; };
		A2807F3715D6ACD9003FDDCD /* NoPLStandardFunctions.c */ = {isa = PBXFileReference; fileEncoding = 4; lastKnownFileType = sourcecode.c.c; path = NoPLStandardFunctions.c; sourceTree = "<group>"; };
		A2807F3A15D6ACEF003FDDCD /* NoPLStandardFunctions.h */ = {isa = PBXFileReference; fileEncoding = 4; lastKnownFileType = sourcecode.c.h; name = NoPLStandardFunctions.h; path = ../include/NoPLStandardFunctions.h; sourceTree = "<group>"; };
/* End PBXFileReference section */

/* Begin PBXFrameworksBuildPhase section */
		9B84F85D16BDF21E00F34DF1 /* Frameworks */ = {
			isa = PBXFrameworksBuildPhase;
			buildActionMask = 2147483647;
			files = (
			);
			runOnlyForDeploymentPostprocessing = 0;
		};
		A24F59E3163098DB00FC9181 /* Frameworks */ = {
			isa = PBXFrameworksBuildPhase;
			buildActionMask = 2147483647;
			files = (
			);
			runOnlyForDeploymentPostprocessing = 0;
		};
		A261C28B15C0E845008AE0C4 /* Frameworks */ = {
			isa = PBXFrameworksBuildPhase;
			buildActionMask = 2147483647;
			files = (
			);
			runOnlyForDeploymentPostprocessing = 0;
		};
/* End PBXFrameworksBuildPhase section */

/* Begin PBXGroup section */
		A261C28315C0E845008AE0C4 = {
			isa = PBXGroup;
			children = (
				A261C29115C0E845008AE0C4 /* NoPL_Runtime */,
				A261C28F15C0E845008AE0C4 /* Products */,
			);
			sourceTree = "<group>";
		};
		A261C28F15C0E845008AE0C4 /* Products */ = {
			isa = PBXGroup;
			children = (
				A261C28E15C0E845008AE0C4 /* NoPL_Runtime */,
				A24F59E6163098DB00FC9181 /* libNoPLRuntime.a */,
				9B84F86516BDF21E00F34DF1 /* libNoPLRuntime(arm).a */,
			);
			name = Products;
			sourceTree = "<group>";
		};
		A261C29115C0E845008AE0C4 /* NoPL_Runtime */ = {
			isa = PBXGroup;
			children = (
				A261C29B15C0E857008AE0C4 /* Runtime classes */,
				A261C29215C0E846008AE0C4 /* main.c */,
				A261C29415C0E846008AE0C4 /* NoPL_Runtime.1 */,
			);
			path = NoPL_Runtime;
			sourceTree = "<group>";
		};
		A261C29B15C0E857008AE0C4 /* Runtime classes */ = {
			isa = PBXGroup;
			children = (
				9B70EF9916A7893E00C7459C /* NoPLValues.h */,
				A261C29E15C0E892008AE0C4 /* NoPLRuntime.h */,
				A261C29C15C0E878008AE0C4 /* NoPLRuntime.c */,
				A2807F3A15D6ACEF003FDDCD /* NoPLStandardFunctions.h */,
				A2807F3715D6ACD9003FDDCD /* NoPLStandardFunctions.c */,
			);
			name = "Runtime classes";
			sourceTree = "<group>";
		};
/* End PBXGroup section */

/* Begin PBXHeadersBuildPhase section */
		9B84F85E16BDF21E00F34DF1 /* Headers */ = {
			isa = PBXHeadersBuildPhase;
			buildActionMask = 2147483647;
			files = (
				9B84F85F16BDF21E00F34DF1 /* NoPLStandardFunctions.h in Headers */,
				9B84F86016BDF21E00F34DF1 /* NoPLRuntime.h in Headers */,
				9B84F86116BDF21E00F34DF1 /* NoPLValues.h in Headers */,
			);
			runOnlyForDeploymentPostprocessing = 0;
		};
		A24F59E4163098DB00FC9181 /* Headers */ = {
			isa = PBXHeadersBuildPhase;
			buildActionMask = 2147483647;
			files = (
				A24F59ED1630990200FC9181 /* NoPLStandardFunctions.h in Headers */,
				A24F59EC163098F900FC9181 /* NoPLRuntime.h in Headers */,
				9B70EF9A16A7893E00C7459C /* NoPLValues.h in Headers */,
			);
			runOnlyForDeploymentPostprocessing = 0;
		};
/* End PBXHeadersBuildPhase section */

/* Begin PBXNativeTarget section */
		9B84F85916BDF21E00F34DF1 /* NoPLRuntime(arm) */ = {
			isa = PBXNativeTarget;
			buildConfigurationList = 9B84F86216BDF21E00F34DF1 /* Build configuration list for PBXNativeTarget "NoPLRuntime(arm)" */;
			buildPhases = (
				9B84F85A16BDF21E00F34DF1 /* Sources */,
				9B84F85D16BDF21E00F34DF1 /* Frameworks */,
				9B84F85E16BDF21E00F34DF1 /* Headers */,
			);
			buildRules = (
			);
			dependencies = (
			);
			name = "NoPLRuntime(arm)";
			productName = NoPLRuntime;
			productReference = 9B84F86516BDF21E00F34DF1 /* libNoPLRuntime(arm).a */;
			productType = "com.apple.product-type.library.static";
		};
		A24F59E5163098DB00FC9181 /* NoPLRuntime */ = {
			isa = PBXNativeTarget;
			buildConfigurationList = A24F59E7163098DB00FC9181 /* Build configuration list for PBXNativeTarget "NoPLRuntime" */;
			buildPhases = (
				A24F59E2163098DB00FC9181 /* Sources */,
				A24F59E3163098DB00FC9181 /* Frameworks */,
				A24F59E4163098DB00FC9181 /* Headers */,
			);
			buildRules = (
			);
			dependencies = (
			);
			name = NoPLRuntime;
			productName = NoPLRuntime;
			productReference = A24F59E6163098DB00FC9181 /* libNoPLRuntime.a */;
			productType = "com.apple.product-type.library.static";
		};
		A261C28D15C0E845008AE0C4 /* NoPL_Runtime_testing */ = {
			isa = PBXNativeTarget;
			buildConfigurationList = A261C29815C0E846008AE0C4 /* Build configuration list for PBXNativeTarget "NoPL_Runtime_testing" */;
			buildPhases = (
				A261C28A15C0E845008AE0C4 /* Sources */,
				A261C28B15C0E845008AE0C4 /* Frameworks */,
				A261C28C15C0E845008AE0C4 /* CopyFiles */,
			);
			buildRules = (
			);
			dependencies = (
			);
			name = NoPL_Runtime_testing;
			productName = NoPL_Runtime;
			productReference = A261C28E15C0E845008AE0C4 /* NoPL_Runtime */;
			productType = "com.apple.product-type.tool";
		};
/* End PBXNativeTarget section */

/* Begin PBXProject section */
		A261C28515C0E845008AE0C4 /* Project object */ = {
			isa = PBXProject;
			attributes = {
				LastUpgradeCheck = 0450;
				ORGANIZATIONNAME = "Brad Bambara";
			};
			buildConfigurationList = A261C28815C0E845008AE0C4 /* Build configuration list for PBXProject "NoPL_Runtime" */;
			compatibilityVersion = "Xcode 3.2";
			developmentRegion = English;
			hasScannedForEncodings = 0;
			knownRegions = (
				en,
			);
			mainGroup = A261C28315C0E845008AE0C4;
			productRefGroup = A261C28F15C0E845008AE0C4 /* Products */;
			projectDirPath = "";
			projectRoot = "";
			targets = (
				A261C28D15C0E845008AE0C4 /* NoPL_Runtime_testing */,
				A24F59E5163098DB00FC9181 /* NoPLRuntime */,
				9B84F85916BDF21E00F34DF1 /* NoPLRuntime(arm) */,
			);
		};
/* End PBXProject section */

/* Begin PBXSourcesBuildPhase section */
		9B84F85A16BDF21E00F34DF1 /* Sources */ = {
			isa = PBXSourcesBuildPhase;
			buildActionMask = 2147483647;
			files = (
				9B84F85B16BDF21E00F34DF1 /* NoPLStandardFunctions.c in Sources */,
				9B84F85C16BDF21E00F34DF1 /* NoPLRuntime.c in Sources */,
			);
			runOnlyForDeploymentPostprocessing = 0;
		};
		A24F59E2163098DB00FC9181 /* Sources */ = {
			isa = PBXSourcesBuildPhase;
			buildActionMask = 2147483647;
			files = (
				A24F59EB163098F100FC9181 /* NoPLStandardFunctions.c in Sources */,
				A24F59EA163098ED00FC9181 /* NoPLRuntime.c in Sources */,
			);
			runOnlyForDeploymentPostprocessing = 0;
		};
		A261C28A15C0E845008AE0C4 /* Sources */ = {
			isa = PBXSourcesBuildPhase;
			buildActionMask = 2147483647;
			files = (
				A261C29315C0E846008AE0C4 /* main.c in Sources */,
				A261C29D15C0E878008AE0C4 /* NoPLRuntime.c in Sources */,
				A2807F3815D6ACD9003FDDCD /* NoPLStandardFunctions.c in Sources */,
			);
			runOnlyForDeploymentPostprocessing = 0;
		};
/* End PBXSourcesBuildPhase section */

/* Begin XCBuildConfiguration section */
		9B84F86316BDF21E00F34DF1 /* Debug */ = {
			isa = XCBuildConfiguration;
			buildSettings = {
				CLANG_CXX_LIBRARY = "libc++";
				CLANG_WARN_EMPTY_BODY = YES;
				COMBINE_HIDPI_IMAGES = YES;
				EXECUTABLE_PREFIX = lib;
				PRODUCT_NAME = "$(TARGET_NAME)";
			};
			name = Debug;
		};
		9B84F86416BDF21E00F34DF1 /* Release */ = {
			isa = XCBuildConfiguration;
			buildSettings = {
				CLANG_CXX_LIBRARY = "libc++";
				CLANG_WARN_EMPTY_BODY = YES;
				COMBINE_HIDPI_IMAGES = YES;
				EXECUTABLE_PREFIX = lib;
				PRODUCT_NAME = "$(TARGET_NAME)";
			};
			name = Release;
		};
		A24F59E8163098DB00FC9181 /* Debug */ = {
			isa = XCBuildConfiguration;
			buildSettings = {
				CLANG_CXX_LIBRARY = "libc++";
				CLANG_WARN_EMPTY_BODY = YES;
				COMBINE_HIDPI_IMAGES = YES;
				EXECUTABLE_PREFIX = lib;
				PRODUCT_NAME = "$(TARGET_NAME)";
			};
			name = Debug;
		};
		A24F59E9163098DB00FC9181 /* Release */ = {
			isa = XCBuildConfiguration;
			buildSettings = {
				CLANG_CXX_LIBRARY = "libc++";
				CLANG_WARN_EMPTY_BODY = YES;
				COMBINE_HIDPI_IMAGES = YES;
				EXECUTABLE_PREFIX = lib;
				PRODUCT_NAME = "$(TARGET_NAME)";
			};
			name = Release;
		};
		A261C29615C0E846008AE0C4 /* Debug */ = {
			isa = XCBuildConfiguration;
			buildSettings = {
				ALWAYS_SEARCH_USER_PATHS = NO;
				ARCHS = "$(ARCHS_STANDARD_32_BIT)";
				CLANG_CXX_LANGUAGE_STANDARD = "gnu++0x";
				CLANG_ENABLE_OBJC_ARC = YES;
				CLANG_WARN__DUPLICATE_METHOD_MATCH = YES;
				COPY_PHASE_STRIP = NO;
				GCC_C_LANGUAGE_STANDARD = gnu99;
				GCC_DYNAMIC_NO_PIC = NO;
				GCC_ENABLE_OBJC_EXCEPTIONS = YES;
				GCC_OPTIMIZATION_LEVEL = 0;
				GCC_PREPROCESSOR_DEFINITIONS = (
					"DEBUG=1",
					"$(inherited)",
				);
				GCC_SYMBOLS_PRIVATE_EXTERN = NO;
				GCC_WARN_64_TO_32_BIT_CONVERSION = YES;
				GCC_WARN_ABOUT_RETURN_TYPE = YES;
				GCC_WARN_UNINITIALIZED_AUTOS = YES;
				GCC_WARN_UNUSED_VARIABLE = YES;
				MACOSX_DEPLOYMENT_TARGET = 10.8;
				ONLY_ACTIVE_ARCH = NO;
				SDKROOT = iphoneos;
			};
			name = Debug;
		};
		A261C29715C0E846008AE0C4 /* Release */ = {
			isa = XCBuildConfiguration;
			buildSettings = {
				ALWAYS_SEARCH_USER_PATHS = NO;
				ARCHS = "$(ARCHS_STANDARD_32_BIT)";
				CLANG_CXX_LANGUAGE_STANDARD = "gnu++0x";
				CLANG_ENABLE_OBJC_ARC = YES;
				CLANG_WARN__DUPLICATE_METHOD_MATCH = YES;
				COPY_PHASE_STRIP = YES;
				DEBUG_INFORMATION_FORMAT = "dwarf-with-dsym";
				GCC_C_LANGUAGE_STANDARD = gnu99;
				GCC_ENABLE_OBJC_EXCEPTIONS = YES;
				GCC_WARN_64_TO_32_BIT_CONVERSION = YES;
				GCC_WARN_ABOUT_RETURN_TYPE = YES;
				GCC_WARN_UNINITIALIZED_AUTOS = YES;
				GCC_WARN_UNUSED_VARIABLE = YES;
				MACOSX_DEPLOYMENT_TARGET = 10.8;
				ONLY_ACTIVE_ARCH = NO;
				SDKROOT = iphoneos;
			};
			name = Release;
		};
		A261C29915C0E846008AE0C4 /* Debug */ = {
			isa = XCBuildConfiguration;
			buildSettings = {
				HEADER_SEARCH_PATHS = "$(SRCROOT)/NoPLc/NoPLc/ANTLR/";
				PRODUCT_NAME = "$(TARGET_NAME)";
			};
			name = Debug;
		};
		A261C29A15C0E846008AE0C4 /* Release */ = {
			isa = XCBuildConfiguration;
			buildSettings = {
				HEADER_SEARCH_PATHS = "$(SRCROOT)/NoPLc/NoPLc/ANTLR/";
				PRODUCT_NAME = "$(TARGET_NAME)";
			};
			name = Release;
		};
/* End XCBuildConfiguration section */

/* Begin XCConfigurationList section */
		9B84F86216BDF21E00F34DF1 /* Build configuration list for PBXNativeTarget "NoPLRuntime(arm)" */ = {
			isa = XCConfigurationList;
			buildConfigurations = (
				9B84F86316BDF21E00F34DF1 /* Debug */,
				9B84F86416BDF21E00F34DF1 /* Release */,
			);
			defaultConfigurationIsVisible = 0;
			defaultConfigurationName = Release;
		};
		A24F59E7163098DB00FC9181 /* Build configuration list for PBXNativeTarget "NoPLRuntime" */ = {
			isa = XCConfigurationList;
			buildConfigurations = (
				A24F59E8163098DB00FC9181 /* Debug */,
				A24F59E9163098DB00FC9181 /* Release */,
			);
			defaultConfigurationIsVisible = 0;
			defaultConfigurationName = Release;
		};
		A261C28815C0E845008AE0C4 /* Build configuration list for PBXProject "NoPL_Runtime" */ = {
			isa = XCConfigurationList;
			buildConfigurations = (
				A261C29615C0E846008AE0C4 /* Debug */,
				A261C29715C0E846008AE0C4 /* Release */,
			);
			defaultConfigurationIsVisible = 0;
			defaultConfigurationName = Release;
		};
		A261C29815C0E846008AE0C4 /* Build configuration list for PBXNativeTarget "NoPL_Runtime_testing" */ = {
			isa = XCConfigurationList;
			buildConfigurations = (
				A261C29915C0E846008AE0C4 /* Debug */,
				A261C29A15C0E846008AE0C4 /* Release */,
			);
			defaultConfigurationIsVisible = 0;
			defaultConfigurationName = Release;
		};
/* End XCConfigurationList section */
	};
	rootObject = A261C28515C0E845008AE0C4 /* Project object */;
}
