// !$*UTF8*$!
{
	archiveVersion = 1;
	classes = {
	};
	objectVersion = 46;
	objects = {

/* Begin PBXBuildFile section */
		A22253DE16382BFF00EED967 /* NoPLScriptData.m in Sources */ = {isa = PBXBuildFile; fileRef = A22253DD16382BFF00EED967 /* NoPLScriptData.m */; };
		A24F59B9162F2A5900FC9181 /* FileSystemNode.m in Sources */ = {isa = PBXBuildFile; fileRef = A24F59B8162F2A5900FC9181 /* FileSystemNode.m */; };
		A24F59BA162F2A5900FC9181 /* FileSystemNode.m in Sources */ = {isa = PBXBuildFile; fileRef = A24F59B8162F2A5900FC9181 /* FileSystemNode.m */; };
		A24F59BE162F579B00FC9181 /* DataListController.m in Sources */ = {isa = PBXBuildFile; fileRef = A24F59BD162F579B00FC9181 /* DataListController.m */; };
		A24F59BF162F579B00FC9181 /* DataListController.m in Sources */ = {isa = PBXBuildFile; fileRef = A24F59BD162F579B00FC9181 /* DataListController.m */; };
		A24F59C3163053CF00FC9181 /* DataManager.m in Sources */ = {isa = PBXBuildFile; fileRef = A24F59C2163053CF00FC9181 /* DataManager.m */; };
		A24F59C4163053CF00FC9181 /* DataManager.m in Sources */ = {isa = PBXBuildFile; fileRef = A24F59C2163053CF00FC9181 /* DataManager.m */; };
		A24F59C71630560500FC9181 /* XMLScriptData.m in Sources */ = {isa = PBXBuildFile; fileRef = A24F59C61630560500FC9181 /* XMLScriptData.m */; };
		A24F59C81630560500FC9181 /* XMLScriptData.m in Sources */ = {isa = PBXBuildFile; fileRef = A24F59C61630560500FC9181 /* XMLScriptData.m */; };
		A24F59CB1630561400FC9181 /* PlistScriptData.m in Sources */ = {isa = PBXBuildFile; fileRef = A24F59CA1630561400FC9181 /* PlistScriptData.m */; };
		A24F59CC1630561400FC9181 /* PlistScriptData.m in Sources */ = {isa = PBXBuildFile; fileRef = A24F59CA1630561400FC9181 /* PlistScriptData.m */; };
		A24F59CF163057F700FC9181 /* ScriptData.m in Sources */ = {isa = PBXBuildFile; fileRef = A24F59CE163057F700FC9181 /* ScriptData.m */; };
		A24F59D0163057F700FC9181 /* ScriptData.m in Sources */ = {isa = PBXBuildFile; fileRef = A24F59CE163057F700FC9181 /* ScriptData.m */; };
		A27219C4162210FF004350AC /* FileBrowserController.m in Sources */ = {isa = PBXBuildFile; fileRef = A27219C3162210FF004350AC /* FileBrowserController.m */; };
		A27C5CCD1635FF760040F81F /* EditorData.plist in Resources */ = {isa = PBXBuildFile; fileRef = A27C5CCC1635FF760040F81F /* EditorData.plist */; };
		A27FA7DD1630A0DF00D686E9 /* libNoPLRuntime.a in Frameworks */ = {isa = PBXBuildFile; fileRef = A27FA7DC1630A0DF00D686E9 /* libNoPLRuntime.a */; };
		A27FA7E71630A81C00D686E9 /* NSDictionary+NSDictionary_NoPL.m in Sources */ = {isa = PBXBuildFile; fileRef = A27FA7E61630A81C00D686E9 /* NSDictionary+NSDictionary_NoPL.m */; };
		A27FA7EA1630B5F900D686E9 /* NSArray+NSArray_NoPL.m in Sources */ = {isa = PBXBuildFile; fileRef = A27FA7E91630B5F900D686E9 /* NSArray+NSArray_NoPL.m */; };
		A27FA7F216320E5300D686E9 /* ScriptController.m in Sources */ = {isa = PBXBuildFile; fileRef = A27FA7F116320E5300D686E9 /* ScriptController.m */; };
		A27FA8271632E9AC00D686E9 /* libNoPLc.a in Frameworks */ = {isa = PBXBuildFile; fileRef = A27FA8261632E9AC00D686E9 /* libNoPLc.a */; };
		A2BAAB37160F912500160FCE /* Cocoa.framework in Frameworks */ = {isa = PBXBuildFile; fileRef = A2BAAB36160F912500160FCE /* Cocoa.framework */; };
		A2BAAB41160F912500160FCE /* InfoPlist.strings in Resources */ = {isa = PBXBuildFile; fileRef = A2BAAB3F160F912500160FCE /* InfoPlist.strings */; };
		A2BAAB43160F912500160FCE /* main.m in Sources */ = {isa = PBXBuildFile; fileRef = A2BAAB42160F912500160FCE /* main.m */; };
		A2BAAB47160F912500160FCE /* Credits.rtf in Resources */ = {isa = PBXBuildFile; fileRef = A2BAAB45160F912500160FCE /* Credits.rtf */; };
		A2BAAB4A160F912500160FCE /* Document.m in Sources */ = {isa = PBXBuildFile; fileRef = A2BAAB49160F912500160FCE /* Document.m */; };
		A2BAAB4D160F912500160FCE /* Document.xib in Resources */ = {isa = PBXBuildFile; fileRef = A2BAAB4B160F912500160FCE /* Document.xib */; };
		A2BAAB50160F912500160FCE /* MainMenu.xib in Resources */ = {isa = PBXBuildFile; fileRef = A2BAAB4E160F912500160FCE /* MainMenu.xib */; };
		A2BAAB58160F912500160FCE /* SenTestingKit.framework in Frameworks */ = {isa = PBXBuildFile; fileRef = A2BAAB57160F912500160FCE /* SenTestingKit.framework */; };
		A2BAAB59160F912500160FCE /* Cocoa.framework in Frameworks */ = {isa = PBXBuildFile; fileRef = A2BAAB36160F912500160FCE /* Cocoa.framework */; };
		A2BAAB61160F912500160FCE /* InfoPlist.strings in Resources */ = {isa = PBXBuildFile; fileRef = A2BAAB5F160F912500160FCE /* InfoPlist.strings */; };
		A2BAAB64160F912500160FCE /* NoPLGangerTests.m in Sources */ = {isa = PBXBuildFile; fileRef = A2BAAB63160F912500160FCE /* NoPLGangerTests.m */; };
/* End PBXBuildFile section */

/* Begin PBXContainerItemProxy section */
		A2BAAB5A160F912500160FCE /* PBXContainerItemProxy */ = {
			isa = PBXContainerItemProxy;
			containerPortal = A2BAAB29160F912500160FCE /* Project object */;
			proxyType = 1;
			remoteGlobalIDString = A2BAAB31160F912500160FCE;
			remoteInfo = NoPLGanger;
		};
/* End PBXContainerItemProxy section */

/* Begin PBXFileReference section */
		A22253DC16382BFF00EED967 /* NoPLScriptData.h */ = {isa = PBXFileReference; fileEncoding = 4; lastKnownFileType = sourcecode.c.h; path = NoPLScriptData.h; sourceTree = "<group>"; };
		A22253DD16382BFF00EED967 /* NoPLScriptData.m */ = {isa = PBXFileReference; fileEncoding = 4; lastKnownFileType = sourcecode.c.objc; path = NoPLScriptData.m; sourceTree = "<group>"; };
		A24F59B7162F2A5900FC9181 /* FileSystemNode.h */ = {isa = PBXFileReference; fileEncoding = 4; lastKnownFileType = sourcecode.c.h; name = FileSystemNode.h; path = FileBrowser/FileSystemNode.h; sourceTree = "<group>"; };
		A24F59B8162F2A5900FC9181 /* FileSystemNode.m */ = {isa = PBXFileReference; fileEncoding = 4; lastKnownFileType = sourcecode.c.objc; name = FileSystemNode.m; path = FileBrowser/FileSystemNode.m; sourceTree = "<group>"; };
		A24F59BC162F579B00FC9181 /* DataListController.h */ = {isa = PBXFileReference; fileEncoding = 4; lastKnownFileType = sourcecode.c.h; name = DataListController.h; path = DataList/DataListController.h; sourceTree = "<group>"; };
		A24F59BD162F579B00FC9181 /* DataListController.m */ = {isa = PBXFileReference; fileEncoding = 4; lastKnownFileType = sourcecode.c.objc; name = DataListController.m; path = DataList/DataListController.m; sourceTree = "<group>"; };
		A24F59C1163053CF00FC9181 /* DataManager.h */ = {isa = PBXFileReference; fileEncoding = 4; lastKnownFileType = sourcecode.c.h; path = DataManager.h; sourceTree = "<group>"; };
		A24F59C2163053CF00FC9181 /* DataManager.m */ = {isa = PBXFileReference; fileEncoding = 4; lastKnownFileType = sourcecode.c.objc; path = DataManager.m; sourceTree = "<group>"; };
		A24F59C51630560500FC9181 /* XMLScriptData.h */ = {isa = PBXFileReference; fileEncoding = 4; lastKnownFileType = sourcecode.c.h; path = XMLScriptData.h; sourceTree = "<group>"; };
		A24F59C61630560500FC9181 /* XMLScriptData.m */ = {isa = PBXFileReference; fileEncoding = 4; lastKnownFileType = sourcecode.c.objc; path = XMLScriptData.m; sourceTree = "<group>"; };
		A24F59C91630561400FC9181 /* PlistScriptData.h */ = {isa = PBXFileReference; fileEncoding = 4; lastKnownFileType = sourcecode.c.h; path = PlistScriptData.h; sourceTree = "<group>"; };
		A24F59CA1630561400FC9181 /* PlistScriptData.m */ = {isa = PBXFileReference; fileEncoding = 4; lastKnownFileType = sourcecode.c.objc; path = PlistScriptData.m; sourceTree = "<group>"; };
		A24F59CD163057F700FC9181 /* ScriptData.h */ = {isa = PBXFileReference; fileEncoding = 4; lastKnownFileType = sourcecode.c.h; path = ScriptData.h; sourceTree = "<group>"; };
		A24F59CE163057F700FC9181 /* ScriptData.m */ = {isa = PBXFileReference; fileEncoding = 4; lastKnownFileType = sourcecode.c.objc; path = ScriptData.m; sourceTree = "<group>"; };
		A27219C2162210FF004350AC /* FileBrowserController.h */ = {isa = PBXFileReference; fileEncoding = 4; lastKnownFileType = sourcecode.c.h; name = FileBrowserController.h; path = FileBrowser/FileBrowserController.h; sourceTree = "<group>"; };
		A27219C3162210FF004350AC /* FileBrowserController.m */ = {isa = PBXFileReference; fileEncoding = 4; lastKnownFileType = sourcecode.c.objc; name = FileBrowserController.m; path = FileBrowser/FileBrowserController.m; sourceTree = "<group>"; };
		A27C5CCC1635FF760040F81F /* EditorData.plist */ = {isa = PBXFileReference; fileEncoding = 4; lastKnownFileType = text.plist.xml; path = EditorData.plist; sourceTree = "<group>"; };
		A27FA7DC1630A0DF00D686E9 /* libNoPLRuntime.a */ = {isa = PBXFileReference; lastKnownFileType = archive.ar; name = libNoPLRuntime.a; path = ../CompiledLibs/runtime/libNoPLRuntime.a; sourceTree = "<group>"; };
		A27FA7E51630A81C00D686E9 /* NSDictionary+NSDictionary_NoPL.h */ = {isa = PBXFileReference; fileEncoding = 4; lastKnownFileType = sourcecode.c.h; path = "NSDictionary+NSDictionary_NoPL.h"; sourceTree = "<group>"; };
		A27FA7E61630A81C00D686E9 /* NSDictionary+NSDictionary_NoPL.m */ = {isa = PBXFileReference; fileEncoding = 4; lastKnownFileType = sourcecode.c.objc; path = "NSDictionary+NSDictionary_NoPL.m"; sourceTree = "<group>"; };
		A27FA7E81630B5F900D686E9 /* NSArray+NSArray_NoPL.h */ = {isa = PBXFileReference; fileEncoding = 4; lastKnownFileType = sourcecode.c.h; path = "NSArray+NSArray_NoPL.h"; sourceTree = "<group>"; };
		A27FA7E91630B5F900D686E9 /* NSArray+NSArray_NoPL.m */ = {isa = PBXFileReference; fileEncoding = 4; lastKnownFileType = sourcecode.c.objc; path = "NSArray+NSArray_NoPL.m"; sourceTree = "<group>"; };
		A27FA7F016320E5300D686E9 /* ScriptController.h */ = {isa = PBXFileReference; fileEncoding = 4; lastKnownFileType = sourcecode.c.h; path = ScriptController.h; sourceTree = "<group>"; };
		A27FA7F116320E5300D686E9 /* ScriptController.m */ = {isa = PBXFileReference; fileEncoding = 4; lastKnownFileType = sourcecode.c.objc; path = ScriptController.m; sourceTree = "<group>"; };
		A27FA8261632E9AC00D686E9 /* libNoPLc.a */ = {isa = PBXFileReference; lastKnownFileType = archive.ar; name = libNoPLc.a; path = ../CompiledLibs/compiler/libNoPLc.a; sourceTree = "<group>"; };
		A2BAAB32160F912500160FCE /* NoPLGanger.app */ = {isa = PBXFileReference; explicitFileType = wrapper.application; includeInIndex = 0; path = NoPLGanger.app; sourceTree = BUILT_PRODUCTS_DIR; };
		A2BAAB36160F912500160FCE /* Cocoa.framework */ = {isa = PBXFileReference; lastKnownFileType = wrapper.framework; name = Cocoa.framework; path = System/Library/Frameworks/Cocoa.framework; sourceTree = SDKROOT; };
		A2BAAB39160F912500160FCE /* AppKit.framework */ = {isa = PBXFileReference; lastKnownFileType = wrapper.framework; name = AppKit.framework; path = System/Library/Frameworks/AppKit.framework; sourceTree = SDKROOT; };
		A2BAAB3A160F912500160FCE /* CoreData.framework */ = {isa = PBXFileReference; lastKnownFileType = wrapper.framework; name = CoreData.framework; path = System/Library/Frameworks/CoreData.framework; sourceTree = SDKROOT; };
		A2BAAB3B160F912500160FCE /* Foundation.framework */ = {isa = PBXFileReference; lastKnownFileType = wrapper.framework; name = Foundation.framework; path = System/Library/Frameworks/Foundation.framework; sourceTree = SDKROOT; };
		A2BAAB3E160F912500160FCE /* NoPLGanger-Info.plist */ = {isa = PBXFileReference; lastKnownFileType = text.plist.xml; path = "NoPLGanger-Info.plist"; sourceTree = "<group>"; };
		A2BAAB40160F912500160FCE /* en */ = {isa = PBXFileReference; lastKnownFileType = text.plist.strings; name = en; path = en.lproj/InfoPlist.strings; sourceTree = "<group>"; };
		A2BAAB42160F912500160FCE /* main.m */ = {isa = PBXFileReference; lastKnownFileType = sourcecode.c.objc; path = main.m; sourceTree = "<group>"; };
		A2BAAB44160F912500160FCE /* NoPLGanger-Prefix.pch */ = {isa = PBXFileReference; lastKnownFileType = sourcecode.c.h; path = "NoPLGanger-Prefix.pch"; sourceTree = "<group>"; };
		A2BAAB46160F912500160FCE /* en */ = {isa = PBXFileReference; lastKnownFileType = text.rtf; name = en; path = en.lproj/Credits.rtf; sourceTree = "<group>"; };
		A2BAAB48160F912500160FCE /* Document.h */ = {isa = PBXFileReference; lastKnownFileType = sourcecode.c.h; path = Document.h; sourceTree = "<group>"; };
		A2BAAB49160F912500160FCE /* Document.m */ = {isa = PBXFileReference; lastKnownFileType = sourcecode.c.objc; path = Document.m; sourceTree = "<group>"; };
		A2BAAB4C160F912500160FCE /* en */ = {isa = PBXFileReference; lastKnownFileType = file.xib; name = en; path = en.lproj/Document.xib; sourceTree = "<group>"; };
		A2BAAB4F160F912500160FCE /* en */ = {isa = PBXFileReference; lastKnownFileType = file.xib; name = en; path = en.lproj/MainMenu.xib; sourceTree = "<group>"; };
		A2BAAB56160F912500160FCE /* NoPLGangerTests.octest */ = {isa = PBXFileReference; explicitFileType = wrapper.cfbundle; includeInIndex = 0; path = NoPLGangerTests.octest; sourceTree = BUILT_PRODUCTS_DIR; };
		A2BAAB57160F912500160FCE /* SenTestingKit.framework */ = {isa = PBXFileReference; lastKnownFileType = wrapper.framework; name = SenTestingKit.framework; path = Library/Frameworks/SenTestingKit.framework; sourceTree = DEVELOPER_DIR; };
		A2BAAB5E160F912500160FCE /* NoPLGangerTests-Info.plist */ = {isa = PBXFileReference; lastKnownFileType = text.plist.xml; path = "NoPLGangerTests-Info.plist"; sourceTree = "<group>"; };
		A2BAAB60160F912500160FCE /* en */ = {isa = PBXFileReference; lastKnownFileType = text.plist.strings; name = en; path = en.lproj/InfoPlist.strings; sourceTree = "<group>"; };
		A2BAAB62160F912500160FCE /* NoPLGangerTests.h */ = {isa = PBXFileReference; lastKnownFileType = sourcecode.c.h; path = NoPLGangerTests.h; sourceTree = "<group>"; };
		A2BAAB63160F912500160FCE /* NoPLGangerTests.m */ = {isa = PBXFileReference; lastKnownFileType = sourcecode.c.objc; path = NoPLGangerTests.m; sourceTree = "<group>"; };
/* End PBXFileReference section */

/* Begin PBXFrameworksBuildPhase section */
		A2BAAB2F160F912500160FCE /* Frameworks */ = {
			isa = PBXFrameworksBuildPhase;
			buildActionMask = 2147483647;
			files = (
				A2BAAB37160F912500160FCE /* Cocoa.framework in Frameworks */,
				A27FA7DD1630A0DF00D686E9 /* libNoPLRuntime.a in Frameworks */,
				A27FA8271632E9AC00D686E9 /* libNoPLc.a in Frameworks */,
			);
			runOnlyForDeploymentPostprocessing = 0;
		};
		A2BAAB52160F912500160FCE /* Frameworks */ = {
			isa = PBXFrameworksBuildPhase;
			buildActionMask = 2147483647;
			files = (
				A2BAAB58160F912500160FCE /* SenTestingKit.framework in Frameworks */,
				A2BAAB59160F912500160FCE /* Cocoa.framework in Frameworks */,
			);
			runOnlyForDeploymentPostprocessing = 0;
		};
/* End PBXFrameworksBuildPhase section */

/* Begin PBXGroup section */
		A24F59BB162F575E00FC9181 /* DataList */ = {
			isa = PBXGroup;
			children = (
				A24F59BC162F579B00FC9181 /* DataListController.h */,
				A24F59BD162F579B00FC9181 /* DataListController.m */,
			);
			name = DataList;
			sourceTree = "<group>";
		};
		A24F59C0163053C000FC9181 /* ScriptData */ = {
			isa = PBXGroup;
			children = (
				A24F59C1163053CF00FC9181 /* DataManager.h */,
				A24F59C2163053CF00FC9181 /* DataManager.m */,
				A24F59CD163057F700FC9181 /* ScriptData.h */,
				A24F59CE163057F700FC9181 /* ScriptData.m */,
				A24F59C51630560500FC9181 /* XMLScriptData.h */,
				A24F59C61630560500FC9181 /* XMLScriptData.m */,
				A24F59C91630561400FC9181 /* PlistScriptData.h */,
				A24F59CA1630561400FC9181 /* PlistScriptData.m */,
				A22253DC16382BFF00EED967 /* NoPLScriptData.h */,
				A22253DD16382BFF00EED967 /* NoPLScriptData.m */,
				A27FA7E51630A81C00D686E9 /* NSDictionary+NSDictionary_NoPL.h */,
				A27FA7E61630A81C00D686E9 /* NSDictionary+NSDictionary_NoPL.m */,
				A27FA7E81630B5F900D686E9 /* NSArray+NSArray_NoPL.h */,
				A27FA7E91630B5F900D686E9 /* NSArray+NSArray_NoPL.m */,
			);
			path = ScriptData;
			sourceTree = "<group>";
		};
		A27219C0162210CA004350AC /* FileBrowser */ = {
			isa = PBXGroup;
			children = (
				A27219C2162210FF004350AC /* FileBrowserController.h */,
				A27219C3162210FF004350AC /* FileBrowserController.m */,
				A24F59B7162F2A5900FC9181 /* FileSystemNode.h */,
				A24F59B8162F2A5900FC9181 /* FileSystemNode.m */,
			);
			name = FileBrowser;
			sourceTree = "<group>";
		};
		A27FA7EF16320E4100D686E9 /* Scripting */ = {
			isa = PBXGroup;
			children = (
				A27FA7F016320E5300D686E9 /* ScriptController.h */,
				A27FA7F116320E5300D686E9 /* ScriptController.m */,
			);
			path = Scripting;
			sourceTree = "<group>";
		};
		A2BAAB27160F912500160FCE = {
			isa = PBXGroup;
			children = (
				A2BAAB3C160F912500160FCE /* NoPLGanger */,
				A2BAAB5C160F912500160FCE /* NoPLGangerTests */,
				A2BAAB35160F912500160FCE /* Frameworks */,
				A2BAAB33160F912500160FCE /* Products */,
			);
			sourceTree = "<group>";
		};
		A2BAAB33160F912500160FCE /* Products */ = {
			isa = PBXGroup;
			children = (
				A2BAAB32160F912500160FCE /* NoPLGanger.app */,
				A2BAAB56160F912500160FCE /* NoPLGangerTests.octest */,
			);
			name = Products;
			sourceTree = "<group>";
		};
		A2BAAB35160F912500160FCE /* Frameworks */ = {
			isa = PBXGroup;
			children = (
				A27FA8261632E9AC00D686E9 /* libNoPLc.a */,
				A27FA7DC1630A0DF00D686E9 /* libNoPLRuntime.a */,
				A2BAAB36160F912500160FCE /* Cocoa.framework */,
				A2BAAB57160F912500160FCE /* SenTestingKit.framework */,
				A2BAAB38160F912500160FCE /* Other Frameworks */,
			);
			name = Frameworks;
			sourceTree = "<group>";
		};
		A2BAAB38160F912500160FCE /* Other Frameworks */ = {
			isa = PBXGroup;
			children = (
				A2BAAB39160F912500160FCE /* AppKit.framework */,
				A2BAAB3A160F912500160FCE /* CoreData.framework */,
				A2BAAB3B160F912500160FCE /* Foundation.framework */,
			);
			name = "Other Frameworks";
			sourceTree = "<group>";
		};
		A2BAAB3C160F912500160FCE /* NoPLGanger */ = {
			isa = PBXGroup;
			children = (
				A27FA7EF16320E4100D686E9 /* Scripting */,
				A24F59C0163053C000FC9181 /* ScriptData */,
				A24F59BB162F575E00FC9181 /* DataList */,
				A27219C0162210CA004350AC /* FileBrowser */,
				A2BAAB48160F912500160FCE /* Document.h */,
				A2BAAB49160F912500160FCE /* Document.m */,
				A2BAAB4B160F912500160FCE /* Document.xib */,
				A2BAAB4E160F912500160FCE /* MainMenu.xib */,
				A27C5CCC1635FF760040F81F /* EditorData.plist */,
				A2BAAB3D160F912500160FCE /* Supporting Files */,
			);
			path = NoPLGanger;
			sourceTree = "<group>";
		};
		A2BAAB3D160F912500160FCE /* Supporting Files */ = {
			isa = PBXGroup;
			children = (
				A2BAAB3E160F912500160FCE /* NoPLGanger-Info.plist */,
				A2BAAB3F160F912500160FCE /* InfoPlist.strings */,
				A2BAAB42160F912500160FCE /* main.m */,
				A2BAAB44160F912500160FCE /* NoPLGanger-Prefix.pch */,
				A2BAAB45160F912500160FCE /* Credits.rtf */,
			);
			name = "Supporting Files";
			sourceTree = "<group>";
		};
		A2BAAB5C160F912500160FCE /* NoPLGangerTests */ = {
			isa = PBXGroup;
			children = (
				A2BAAB62160F912500160FCE /* NoPLGangerTests.h */,
				A2BAAB63160F912500160FCE /* NoPLGangerTests.m */,
				A2BAAB5D160F912500160FCE /* Supporting Files */,
			);
			path = NoPLGangerTests;
			sourceTree = "<group>";
		};
		A2BAAB5D160F912500160FCE /* Supporting Files */ = {
			isa = PBXGroup;
			children = (
				A2BAAB5E160F912500160FCE /* NoPLGangerTests-Info.plist */,
				A2BAAB5F160F912500160FCE /* InfoPlist.strings */,
			);
			name = "Supporting Files";
			sourceTree = "<group>";
		};
/* End PBXGroup section */

/* Begin PBXNativeTarget section */
		A2BAAB31160F912500160FCE /* NoPLGanger */ = {
			isa = PBXNativeTarget;
			buildConfigurationList = A2BAAB67160F912500160FCE /* Build configuration list for PBXNativeTarget "NoPLGanger" */;
			buildPhases = (
				A2BAAB2E160F912500160FCE /* Sources */,
				A2BAAB2F160F912500160FCE /* Frameworks */,
				A2BAAB30160F912500160FCE /* Resources */,
			);
			buildRules = (
			);
			dependencies = (
			);
			name = NoPLGanger;
			productName = NoPLGanger;
			productReference = A2BAAB32160F912500160FCE /* NoPLGanger.app */;
			productType = "com.apple.product-type.application";
		};
		A2BAAB55160F912500160FCE /* NoPLGangerTests */ = {
			isa = PBXNativeTarget;
			buildConfigurationList = A2BAAB6A160F912500160FCE /* Build configuration list for PBXNativeTarget "NoPLGangerTests" */;
			buildPhases = (
				A2BAAB51160F912500160FCE /* Sources */,
				A2BAAB52160F912500160FCE /* Frameworks */,
				A2BAAB53160F912500160FCE /* Resources */,
				A2BAAB54160F912500160FCE /* ShellScript */,
			);
			buildRules = (
			);
			dependencies = (
				A2BAAB5B160F912500160FCE /* PBXTargetDependency */,
			);
			name = NoPLGangerTests;
			productName = NoPLGangerTests;
			productReference = A2BAAB56160F912500160FCE /* NoPLGangerTests.octest */;
			productType = "com.apple.product-type.bundle";
		};
/* End PBXNativeTarget section */

/* Begin PBXProject section */
		A2BAAB29160F912500160FCE /* Project object */ = {
			isa = PBXProject;
			attributes = {
				LastUpgradeCheck = 0450;
				ORGANIZATIONNAME = "Brad Bambara";
			};
			buildConfigurationList = A2BAAB2C160F912500160FCE /* Build configuration list for PBXProject "NoPLGanger" */;
			compatibilityVersion = "Xcode 3.2";
			developmentRegion = English;
			hasScannedForEncodings = 0;
			knownRegions = (
				en,
			);
			mainGroup = A2BAAB27160F912500160FCE;
			productRefGroup = A2BAAB33160F912500160FCE /* Products */;
			projectDirPath = "";
			projectRoot = "";
			targets = (
				A2BAAB31160F912500160FCE /* NoPLGanger */,
				A2BAAB55160F912500160FCE /* NoPLGangerTests */,
			);
		};
/* End PBXProject section */

/* Begin PBXResourcesBuildPhase section */
		A2BAAB30160F912500160FCE /* Resources */ = {
			isa = PBXResourcesBuildPhase;
			buildActionMask = 2147483647;
			files = (
				A2BAAB41160F912500160FCE /* InfoPlist.strings in Resources */,
				A2BAAB47160F912500160FCE /* Credits.rtf in Resources */,
				A2BAAB4D160F912500160FCE /* Document.xib in Resources */,
				A2BAAB50160F912500160FCE /* MainMenu.xib in Resources */,
				A27C5CCD1635FF760040F81F /* EditorData.plist in Resources */,
			);
			runOnlyForDeploymentPostprocessing = 0;
		};
		A2BAAB53160F912500160FCE /* Resources */ = {
			isa = PBXResourcesBuildPhase;
			buildActionMask = 2147483647;
			files = (
				A2BAAB61160F912500160FCE /* InfoPlist.strings in Resources */,
			);
			runOnlyForDeploymentPostprocessing = 0;
		};
/* End PBXResourcesBuildPhase section */

/* Begin PBXShellScriptBuildPhase section */
		A2BAAB54160F912500160FCE /* ShellScript */ = {
			isa = PBXShellScriptBuildPhase;
			buildActionMask = 2147483647;
			files = (
			);
			inputPaths = (
			);
			outputPaths = (
			);
			runOnlyForDeploymentPostprocessing = 0;
			shellPath = /bin/sh;
			shellScript = "# Run the unit tests in this test bundle.\n\"${SYSTEM_DEVELOPER_DIR}/Tools/RunUnitTests\"\n";
		};
/* End PBXShellScriptBuildPhase section */

/* Begin PBXSourcesBuildPhase section */
		A2BAAB2E160F912500160FCE /* Sources */ = {
			isa = PBXSourcesBuildPhase;
			buildActionMask = 2147483647;
			files = (
				A2BAAB43160F912500160FCE /* main.m in Sources */,
				A2BAAB4A160F912500160FCE /* Document.m in Sources */,
				A27219C4162210FF004350AC /* FileBrowserController.m in Sources */,
				A24F59B9162F2A5900FC9181 /* FileSystemNode.m in Sources */,
				A24F59BE162F579B00FC9181 /* DataListController.m in Sources */,
				A24F59C3163053CF00FC9181 /* DataManager.m in Sources */,
				A24F59C71630560500FC9181 /* XMLScriptData.m in Sources */,
				A24F59CB1630561400FC9181 /* PlistScriptData.m in Sources */,
				A24F59CF163057F700FC9181 /* ScriptData.m in Sources */,
				A27FA7E71630A81C00D686E9 /* NSDictionary+NSDictionary_NoPL.m in Sources */,
				A27FA7EA1630B5F900D686E9 /* NSArray+NSArray_NoPL.m in Sources */,
				A27FA7F216320E5300D686E9 /* ScriptController.m in Sources */,
				A22253DE16382BFF00EED967 /* NoPLScriptData.m in Sources */,
			);
			runOnlyForDeploymentPostprocessing = 0;
		};
		A2BAAB51160F912500160FCE /* Sources */ = {
			isa = PBXSourcesBuildPhase;
			buildActionMask = 2147483647;
			files = (
				A2BAAB64160F912500160FCE /* NoPLGangerTests.m in Sources */,
				A24F59BA162F2A5900FC9181 /* FileSystemNode.m in Sources */,
				A24F59BF162F579B00FC9181 /* DataListController.m in Sources */,
				A24F59C4163053CF00FC9181 /* DataManager.m in Sources */,
				A24F59C81630560500FC9181 /* XMLScriptData.m in Sources */,
				A24F59CC1630561400FC9181 /* PlistScriptData.m in Sources */,
				A24F59D0163057F700FC9181 /* ScriptData.m in Sources */,
			);
			runOnlyForDeploymentPostprocessing = 0;
		};
/* End PBXSourcesBuildPhase section */

/* Begin PBXTargetDependency section */
		A2BAAB5B160F912500160FCE /* PBXTargetDependency */ = {
			isa = PBXTargetDependency;
			target = A2BAAB31160F912500160FCE /* NoPLGanger */;
			targetProxy = A2BAAB5A160F912500160FCE /* PBXContainerItemProxy */;
		};
/* End PBXTargetDependency section */

/* Begin PBXVariantGroup section */
		A2BAAB3F160F912500160FCE /* InfoPlist.strings */ = {
			isa = PBXVariantGroup;
			children = (
				A2BAAB40160F912500160FCE /* en */,
			);
			name = InfoPlist.strings;
			sourceTree = "<group>";
		};
		A2BAAB45160F912500160FCE /* Credits.rtf */ = {
			isa = PBXVariantGroup;
			children = (
				A2BAAB46160F912500160FCE /* en */,
			);
			name = Credits.rtf;
			sourceTree = "<group>";
		};
		A2BAAB4B160F912500160FCE /* Document.xib */ = {
			isa = PBXVariantGroup;
			children = (
				A2BAAB4C160F912500160FCE /* en */,
			);
			name = Document.xib;
			sourceTree = "<group>";
		};
		A2BAAB4E160F912500160FCE /* MainMenu.xib */ = {
			isa = PBXVariantGroup;
			children = (
				A2BAAB4F160F912500160FCE /* en */,
			);
			name = MainMenu.xib;
			sourceTree = "<group>";
		};
		A2BAAB5F160F912500160FCE /* InfoPlist.strings */ = {
			isa = PBXVariantGroup;
			children = (
				A2BAAB60160F912500160FCE /* en */,
			);
			name = InfoPlist.strings;
			sourceTree = "<group>";
		};
/* End PBXVariantGroup section */

/* Begin XCBuildConfiguration section */
		A2BAAB65160F912500160FCE /* Debug */ = {
			isa = XCBuildConfiguration;
			buildSettings = {
				ALWAYS_SEARCH_USER_PATHS = NO;
				ARCHS = "$(ARCHS_STANDARD_64_BIT)";
				CLANG_CXX_LANGUAGE_STANDARD = "gnu++0x";
				CLANG_CXX_LIBRARY = "libc++";
				CLANG_ENABLE_OBJC_ARC = YES;
				CLANG_WARN_EMPTY_BODY = YES;
				CLANG_WARN__DUPLICATE_METHOD_MATCH = YES;
				COPY_PHASE_STRIP = NO;
				GCC_C_LANGUAGE_STANDARD = gnu99;
				GCC_DYNAMIC_NO_PIC = NO;
				GCC_ENABLE_OBJC_EXCEPTIONS = YES;
				GCC_OPTIMIZATION_LEVEL = 0;
				GCC_PREPROCESSOR_DEFINITIONS = (
					"DEBUG=1",
					"$(inherited)",
				);
				GCC_SYMBOLS_PRIVATE_EXTERN = NO;
				GCC_WARN_64_TO_32_BIT_CONVERSION = YES;
				GCC_WARN_ABOUT_RETURN_TYPE = YES;
				GCC_WARN_UNINITIALIZED_AUTOS = YES;
				GCC_WARN_UNUSED_VARIABLE = YES;
				MACOSX_DEPLOYMENT_TARGET = 10.8;
				ONLY_ACTIVE_ARCH = YES;
				SDKROOT = macosx;
			};
			name = Debug;
		};
		A2BAAB66160F912500160FCE /* Release */ = {
			isa = XCBuildConfiguration;
			buildSettings = {
				ALWAYS_SEARCH_USER_PATHS = NO;
				ARCHS = "$(ARCHS_STANDARD_64_BIT)";
				CLANG_CXX_LANGUAGE_STANDARD = "gnu++0x";
				CLANG_CXX_LIBRARY = "libc++";
				CLANG_ENABLE_OBJC_ARC = YES;
				CLANG_WARN_EMPTY_BODY = YES;
				CLANG_WARN__DUPLICATE_METHOD_MATCH = YES;
				COPY_PHASE_STRIP = YES;
				DEBUG_INFORMATION_FORMAT = "dwarf-with-dsym";
				GCC_C_LANGUAGE_STANDARD = gnu99;
				GCC_ENABLE_OBJC_EXCEPTIONS = YES;
				GCC_WARN_64_TO_32_BIT_CONVERSION = YES;
				GCC_WARN_ABOUT_RETURN_TYPE = YES;
				GCC_WARN_UNINITIALIZED_AUTOS = YES;
				GCC_WARN_UNUSED_VARIABLE = YES;
				MACOSX_DEPLOYMENT_TARGET = 10.8;
				SDKROOT = macosx;
			};
			name = Release;
		};
		A2BAAB68160F912500160FCE /* Debug */ = {
			isa = XCBuildConfiguration;
			buildSettings = {
				CLANG_ENABLE_OBJC_ARC = YES;
				COMBINE_HIDPI_IMAGES = YES;
				GCC_PRECOMPILE_PREFIX_HEADER = YES;
				GCC_PREFIX_HEADER = "NoPLGanger/NoPLGanger-Prefix.pch";
				HEADER_SEARCH_PATHS = (
					"$(SRCROOT)/../CompiledLibs/runtime/include/",
					"$(SRCROOT)/../CompiledLibs/compiler/include/",
				);
				INFOPLIST_FILE = "NoPLGanger/NoPLGanger-Info.plist";
				LIBRARY_SEARCH_PATHS = (
					"$(inherited)",
					"\"$(SRCROOT)/../CompiledLibs/runtime\"",
					"\"$(SRCROOT)/../CompiledLibs/compiler\"",
				);
				PRODUCT_NAME = "$(TARGET_NAME)";
				USER_HEADER_SEARCH_PATHS = "";
				WRAPPER_EXTENSION = app;
			};
			name = Debug;
		};
		A2BAAB69160F912500160FCE /* Release */ = {
			isa = XCBuildConfiguration;
			buildSettings = {
				CLANG_ENABLE_OBJC_ARC = YES;
				COMBINE_HIDPI_IMAGES = YES;
				GCC_PRECOMPILE_PREFIX_HEADER = YES;
				GCC_PREFIX_HEADER = "NoPLGanger/NoPLGanger-Prefix.pch";
				HEADER_SEARCH_PATHS = (
					"$(SRCROOT)/../CompiledLibs/runtime/include/",
					"$(SRCROOT)/../CompiledLibs/compiler/include/",
				);
				INFOPLIST_FILE = "NoPLGanger/NoPLGanger-Info.plist";
				LIBRARY_SEARCH_PATHS = (
					"$(inherited)",
					"\"$(SRCROOT)/../CompiledLibs/runtime\"",
					"\"$(SRCROOT)/../CompiledLibs/compiler\"",
				);
				PRODUCT_NAME = "$(TARGET_NAME)";
				USER_HEADER_SEARCH_PATHS = "";
				WRAPPER_EXTENSION = app;
			};
			name = Release;
		};
		A2BAAB6B160F912500160FCE /* Debug */ = {
			isa = XCBuildConfiguration;
			buildSettings = {
				BUNDLE_LOADER = "$(BUILT_PRODUCTS_DIR)/NoPLGanger.app/Contents/MacOS/NoPLGanger";
				COMBINE_HIDPI_IMAGES = YES;
				FRAMEWORK_SEARCH_PATHS = "\"$(DEVELOPER_LIBRARY_DIR)/Frameworks\"";
				GCC_PRECOMPILE_PREFIX_HEADER = YES;
				GCC_PREFIX_HEADER = "NoPLGanger/NoPLGanger-Prefix.pch";
				INFOPLIST_FILE = "NoPLGangerTests/NoPLGangerTests-Info.plist";
				PRODUCT_NAME = "$(TARGET_NAME)";
				TEST_HOST = "$(BUNDLE_LOADER)";
				WRAPPER_EXTENSION = octest;
			};
			name = Debug;
		};
		A2BAAB6C160F912500160FCE /* Release */ = {
			isa = XCBuildConfiguration;
			buildSettings = {
				BUNDLE_LOADER = "$(BUILT_PRODUCTS_DIR)/NoPLGanger.app/Contents/MacOS/NoPLGanger";
				COMBINE_HIDPI_IMAGES = YES;
				FRAMEWORK_SEARCH_PATHS = "\"$(DEVELOPER_LIBRARY_DIR)/Frameworks\"";
				GCC_PRECOMPILE_PREFIX_HEADER = YES;
				GCC_PREFIX_HEADER = "NoPLGanger/NoPLGanger-Prefix.pch";
				INFOPLIST_FILE = "NoPLGangerTests/NoPLGangerTests-Info.plist";
				PRODUCT_NAME = "$(TARGET_NAME)";
				TEST_HOST = "$(BUNDLE_LOADER)";
				WRAPPER_EXTENSION = octest;
			};
			name = Release;
		};
/* End XCBuildConfiguration section */

/* Begin XCConfigurationList section */
		A2BAAB2C160F912500160FCE /* Build configuration list for PBXProject "NoPLGanger" */ = {
			isa = XCConfigurationList;
			buildConfigurations = (
				A2BAAB65160F912500160FCE /* Debug */,
				A2BAAB66160F912500160FCE /* Release */,
			);
			defaultConfigurationIsVisible = 0;
			defaultConfigurationName = Release;
		};
		A2BAAB67160F912500160FCE /* Build configuration list for PBXNativeTarget "NoPLGanger" */ = {
			isa = XCConfigurationList;
			buildConfigurations = (
				A2BAAB68160F912500160FCE /* Debug */,
				A2BAAB69160F912500160FCE /* Release */,
			);
			defaultConfigurationIsVisible = 0;
			defaultConfigurationName = Release;
		};
		A2BAAB6A160F912500160FCE /* Build configuration list for PBXNativeTarget "NoPLGangerTests" */ = {
			isa = XCConfigurationList;
			buildConfigurations = (
				A2BAAB6B160F912500160FCE /* Debug */,
				A2BAAB6C160F912500160FCE /* Release */,
			);
			defaultConfigurationIsVisible = 0;
			defaultConfigurationName = Release;
		};
/* End XCConfigurationList section */
	};
	rootObject = A2BAAB29160F912500160FCE /* Project object */;
}
